
Microsoft Visual Studio Solution File, Format Version 12.00
# Visual Studio Version 17
VisualStudioVersion = 17.7.34221.43
MinimumVisualStudioVersion = 10.0.40219.1
Project("{FAE04EC0-301F-11D3-BF4B-00C04F79EFBC}") = "GradientPark", "GradientPark\GradientPark.csproj", "{9D3ABEF3-60A7-4CE0-8D27-3CD1682EF20C}"
EndProject
Global
	GlobalSection(SolutionConfigurationPlatforms) = preSolution
		Debug|Any CPU = Debug|Any CPU
		Release|Any CPU = Release|Any CPU
	EndGlobalSection
	GlobalSection(ProjectConfigurationPlatforms) = postSolution
		{9D3ABEF3-60A7-4CE0-8D27-3CD1682EF20C}.Debug|Any CPU.ActiveCfg = Debug|Any CPU
		{9D3ABEF3-60A7-4CE0-8D27-3CD1682EF20C}.Debug|Any CPU.Build.0 = Debug|Any CPU
		{9D3ABEF3-60A7-4CE0-8D27-3CD1682EF20C}.Release|Any CPU.ActiveCfg = Release|Any CPU
		{9D3ABEF3-60A7-4CE0-8D27-3CD1682EF20C}.Release|Any CPU.Build.0 = Release|Any CPU
	EndGlobalSection
	GlobalSection(SolutionProperties) = preSolution
		HideSolutionNode = FALSE
	EndGlobalSection
	GlobalSection(ExtensibilityGlobals) = postSolution
		SolutionGuid = {CA2142D6-5E0A-4EE8-8EB0-56CC670655D0}
	EndGlobalSection
EndGlobal
